// !$*UTF8*$!
{
	archiveVersion = 1;
	classes = {
	};
	objectVersion = 50;
	objects = {

/* Begin PBXBuildFile section */
		1AF80152227E99EE00F5607E /* Assets.xcassets in Resources */ = {isa = PBXBuildFile; fileRef = 1AF80151227E99EE00F5607E /* Assets.xcassets */; };
		1AF80155227E99EE00F5607E /* Main.storyboard in Resources */ = {isa = PBXBuildFile; fileRef = 1AF80153227E99EE00F5607E /* Main.storyboard */; };
		1AF80163227E99EE00F5607E /* ZJOpenGLStudyTests.m in Sources */ = {isa = PBXBuildFile; fileRef = 1AF80162227E99EE00F5607E /* ZJOpenGLStudyTests.m */; };
		1AF8016E227E99EE00F5607E /* ZJOpenGLStudyUITests.m in Sources */ = {isa = PBXBuildFile; fileRef = 1AF8016D227E99EE00F5607E /* ZJOpenGLStudyUITests.m */; };
		1AF80190227E9A5300F5607E /* OpenGL.framework in Frameworks */ = {isa = PBXBuildFile; fileRef = 1AF8018F227E9A5300F5607E /* OpenGL.framework */; };
		1AF80192227E9A6400F5607E /* GLUT.framework in Frameworks */ = {isa = PBXBuildFile; fileRef = 1AF80191227E9A6400F5607E /* GLUT.framework */; };
		1AF80197227E9B0500F5607E /* main.cpp in Sources */ = {isa = PBXBuildFile; fileRef = 1AF80196227E9B0500F5607E /* main.cpp */; };
		1AF80198227E9B4000F5607E /* libGLTools.a in Frameworks */ = {isa = PBXBuildFile; fileRef = 1AF8017C227E9A2B00F5607E /* libGLTools.a */; };
/* End PBXBuildFile section */

/* Begin PBXContainerItemProxy section */
		1AF8015F227E99EE00F5607E /* PBXContainerItemProxy */ = {
			isa = PBXContainerItemProxy;
			containerPortal = 1AF80140227E99EC00F5607E /* Project object */;
			proxyType = 1;
			remoteGlobalIDString = 1AF80147227E99EC00F5607E;
			remoteInfo = ZJOpenGLStudy;
		};
		1AF8016A227E99EE00F5607E /* PBXContainerItemProxy */ = {
			isa = PBXContainerItemProxy;
			containerPortal = 1AF80140227E99EC00F5607E /* Project object */;
			proxyType = 1;
			remoteGlobalIDString = 1AF80147227E99EC00F5607E;
			remoteInfo = ZJOpenGLStudy;
		};
/* End PBXContainerItemProxy section */

/* Begin PBXFileReference section */
		1AF80148227E99EC00F5607E /* ZJOpenGLStudy.app */ = {isa = PBXFileReference; explicitFileType = wrapper.application; includeInIndex = 0; path = ZJOpenGLStudy.app; sourceTree = BUILT_PRODUCTS_DIR; };
		1AF80151227E99EE00F5607E /* Assets.xcassets */ = {isa = PBXFileReference; lastKnownFileType = folder.assetcatalog; path = Assets.xcassets; sourceTree = "<group>"; };
		1AF80154227E99EE00F5607E /* Base */ = {isa = PBXFileReference; lastKnownFileType = file.storyboard; name = Base; path = Base.lproj/Main.storyboard; sourceTree = "<group>"; };
		1AF80156227E99EE00F5607E /* Info.plist */ = {isa = PBXFileReference; lastKnownFileType = text.plist.xml; path = Info.plist; sourceTree = "<group>"; };
		1AF80159227E99EE00F5607E /* ZJOpenGLStudy.entitlements */ = {isa = PBXFileReference; lastKnownFileType = text.plist.entitlements; path = ZJOpenGLStudy.entitlements; sourceTree = "<group>"; };
		1AF8015E227E99EE00F5607E /* ZJOpenGLStudyTests.xctest */ = {isa = PBXFileReference; explicitFileType = wrapper.cfbundle; includeInIndex = 0; path = ZJOpenGLStudyTests.xctest; sourceTree = BUILT_PRODUCTS_DIR; };
		1AF80162227E99EE00F5607E /* ZJOpenGLStudyTests.m */ = {isa = PBXFileReference; lastKnownFileType = sourcecode.c.objc; path = ZJOpenGLStudyTests.m; sourceTree = "<group>"; };
		1AF80164227E99EE00F5607E /* Info.plist */ = {isa = PBXFileReference; lastKnownFileType = text.plist.xml; path = Info.plist; sourceTree = "<group>"; };
		1AF80169227E99EE00F5607E /* ZJOpenGLStudyUITests.xctest */ = {isa = PBXFileReference; explicitFileType = wrapper.cfbundle; includeInIndex = 0; path = ZJOpenGLStudyUITests.xctest; sourceTree = BUILT_PRODUCTS_DIR; };
		1AF8016D227E99EE00F5607E /* ZJOpenGLStudyUITests.m */ = {isa = PBXFileReference; lastKnownFileType = sourcecode.c.objc; path = ZJOpenGLStudyUITests.m; sourceTree = "<group>"; };
		1AF8016F227E99EE00F5607E /* Info.plist */ = {isa = PBXFileReference; lastKnownFileType = text.plist.xml; path = Info.plist; sourceTree = "<group>"; };
		1AF8017C227E9A2B00F5607E /* libGLTools.a */ = {isa = PBXFileReference; lastKnownFileType = archive.ar; path = libGLTools.a; sourceTree = "<group>"; };
		1AF8017F227E9A3000F5607E /* GLBatchBase.h */ = {isa = PBXFileReference; fileEncoding = 4; lastKnownFileType = sourcecode.c.h; path = GLBatchBase.h; sourceTree = "<group>"; };
		1AF80180227E9A3000F5607E /* math3d.h */ = {isa = PBXFileReference; fileEncoding = 4; lastKnownFileType = sourcecode.c.h; path = math3d.h; sourceTree = "<group>"; };
		1AF80181227E9A3000F5607E /* GLTriangleBatch.h */ = {isa = PBXFileReference; fileEncoding = 4; lastKnownFileType = sourcecode.c.h; path = GLTriangleBatch.h; sourceTree = "<group>"; };
		1AF80182227E9A3000F5607E /* GLBatch.h */ = {isa = PBXFileReference; fileEncoding = 4; lastKnownFileType = sourcecode.c.h; path = GLBatch.h; sourceTree = "<group>"; };
		1AF80183227E9A3000F5607E /* GLMatrixStack.h */ = {isa = PBXFileReference; fileEncoding = 4; lastKnownFileType = sourcecode.c.h; path = GLMatrixStack.h; sourceTree = "<group>"; };
		1AF80184227E9A3000F5607E /* GLFrame.h */ = {isa = PBXFileReference; fileEncoding = 4; lastKnownFileType = sourcecode.c.h; path = GLFrame.h; sourceTree = "<group>"; };
		1AF80185227E9A3000F5607E /* GLFrustum.h */ = {isa = PBXFileReference; fileEncoding = 4; lastKnownFileType = sourcecode.c.h; path = GLFrustum.h; sourceTree = "<group>"; };
		1AF80186227E9A3000F5607E /* GLGeometryTransform.h */ = {isa = PBXFileReference; fileEncoding = 4; lastKnownFileType = sourcecode.c.h; path = GLGeometryTransform.h; sourceTree = "<group>"; };
		1AF80187227E9A3000F5607E /* GLShaderManager.h */ = {isa = PBXFileReference; fileEncoding = 4; lastKnownFileType = sourcecode.c.h; path = GLShaderManager.h; sourceTree = "<group>"; };
		1AF80188227E9A3000F5607E /* StopWatch.h */ = {isa = PBXFileReference; fileEncoding = 4; lastKnownFileType = sourcecode.c.h; path = StopWatch.h; sourceTree = "<group>"; };
		1AF8018A227E9A3000F5607E /* glxew.h */ = {isa = PBXFileReference; fileEncoding = 4; lastKnownFileType = sourcecode.c.h; path = glxew.h; sourceTree = "<group>"; };
		1AF8018B227E9A3000F5607E /* wglew.h */ = {isa = PBXFileReference; fileEncoding = 4; lastKnownFileType = sourcecode.c.h; path = wglew.h; sourceTree = "<group>"; };
		1AF8018C227E9A3000F5607E /* glew.h */ = {isa = PBXFileReference; fileEncoding = 4; lastKnownFileType = sourcecode.c.h; path = glew.h; sourceTree = "<group>"; };
		1AF8018D227E9A3000F5607E /* GLTools.h */ = {isa = PBXFileReference; fileEncoding = 4; lastKnownFileType = sourcecode.c.h; path = GLTools.h; sourceTree = "<group>"; };
		1AF8018F227E9A5300F5607E /* OpenGL.framework */ = {isa = PBXFileReference; lastKnownFileType = wrapper.framework; name = OpenGL.framework; path = System/Library/Frameworks/OpenGL.framework; sourceTree = SDKROOT; };
		1AF80191227E9A6400F5607E /* GLUT.framework */ = {isa = PBXFileReference; lastKnownFileType = wrapper.framework; name = GLUT.framework; path = System/Library/Frameworks/GLUT.framework; sourceTree = SDKROOT; };
		1AF80196227E9B0500F5607E /* main.cpp */ = {isa = PBXFileReference; lastKnownFileType = sourcecode.cpp.cpp; path = main.cpp; sourceTree = "<group>"; };
/* End PBXFileReference section */

/* Begin PBXFrameworksBuildPhase section */
		1AF80145227E99EC00F5607E /* Frameworks */ = {
			isa = PBXFrameworksBuildPhase;
			buildActionMask = 2147483647;
			files = (
				1AF80198227E9B4000F5607E /* libGLTools.a in Frameworks */,
				1AF80192227E9A6400F5607E /* GLUT.framework in Frameworks */,
				1AF80190227E9A5300F5607E /* OpenGL.framework in Frameworks */,
			);
			runOnlyForDeploymentPostprocessing = 0;
		};
		1AF8015B227E99EE00F5607E /* Frameworks */ = {
			isa = PBXFrameworksBuildPhase;
			buildActionMask = 2147483647;
			files = (
			);
			runOnlyForDeploymentPostprocessing = 0;
		};
		1AF80166227E99EE00F5607E /* Frameworks */ = {
			isa = PBXFrameworksBuildPhase;
			buildActionMask = 2147483647;
			files = (
			);
			runOnlyForDeploymentPostprocessing = 0;
		};
/* End PBXFrameworksBuildPhase section */

/* Begin PBXGroup section */
		1AF8013F227E99EC00F5607E = {
			isa = PBXGroup;
			children = (
				1AF8014A227E99EC00F5607E /* ZJOpenGLStudy */,
				1AF80161227E99EE00F5607E /* ZJOpenGLStudyTests */,
				1AF8016C227E99EE00F5607E /* ZJOpenGLStudyUITests */,
				1AF80149227E99EC00F5607E /* Products */,
				1AF8018E227E9A5300F5607E /* Frameworks */,
			);
			sourceTree = "<group>";
		};
		1AF80149227E99EC00F5607E /* Products */ = {
			isa = PBXGroup;
			children = (
				1AF80148227E99EC00F5607E /* ZJOpenGLStudy.app */,
				1AF8015E227E99EE00F5607E /* ZJOpenGLStudyTests.xctest */,
				1AF80169227E99EE00F5607E /* ZJOpenGLStudyUITests.xctest */,
			);
			name = Products;
			sourceTree = "<group>";
		};
		1AF8014A227E99EC00F5607E /* ZJOpenGLStudy */ = {
			isa = PBXGroup;
			children = (
				1AF8017B227E9A1900F5607E /* Lib */,
				1AF80151227E99EE00F5607E /* Assets.xcassets */,
				1AF80153227E99EE00F5607E /* Main.storyboard */,
				1AF80156227E99EE00F5607E /* Info.plist */,
				1AF80159227E99EE00F5607E /* ZJOpenGLStudy.entitlements */,
				1AF80196227E9B0500F5607E /* main.cpp */,
			);
			path = ZJOpenGLStudy;
			sourceTree = "<group>";
		};
		1AF80161227E99EE00F5607E /* ZJOpenGLStudyTests */ = {
			isa = PBXGroup;
			children = (
				1AF80162227E99EE00F5607E /* ZJOpenGLStudyTests.m */,
				1AF80164227E99EE00F5607E /* Info.plist */,
			);
			path = ZJOpenGLStudyTests;
			sourceTree = "<group>";
		};
		1AF8016C227E99EE00F5607E /* ZJOpenGLStudyUITests */ = {
			isa = PBXGroup;
			children = (
				1AF8016D227E99EE00F5607E /* ZJOpenGLStudyUITests.m */,
				1AF8016F227E99EE00F5607E /* Info.plist */,
			);
			path = ZJOpenGLStudyUITests;
			sourceTree = "<group>";
		};
		1AF8017B227E9A1900F5607E /* Lib */ = {
			isa = PBXGroup;
			children = (
				1AF8017E227E9A3000F5607E /* include */,
			);
			path = Lib;
			sourceTree = "<group>";
		};
		1AF8017E227E9A3000F5607E /* include */ = {
			isa = PBXGroup;
			children = (
				1AF8017F227E9A3000F5607E /* GLBatchBase.h */,
				1AF80180227E9A3000F5607E /* math3d.h */,
				1AF80181227E9A3000F5607E /* GLTriangleBatch.h */,
				1AF80182227E9A3000F5607E /* GLBatch.h */,
				1AF80183227E9A3000F5607E /* GLMatrixStack.h */,
				1AF80184227E9A3000F5607E /* GLFrame.h */,
				1AF80185227E9A3000F5607E /* GLFrustum.h */,
				1AF80186227E9A3000F5607E /* GLGeometryTransform.h */,
				1AF80187227E9A3000F5607E /* GLShaderManager.h */,
				1AF80188227E9A3000F5607E /* StopWatch.h */,
				1AF80189227E9A3000F5607E /* GL */,
				1AF8018D227E9A3000F5607E /* GLTools.h */,
			);
			path = include;
			sourceTree = "<group>";
		};
		1AF80189227E9A3000F5607E /* GL */ = {
			isa = PBXGroup;
			children = (
				1AF8018A227E9A3000F5607E /* glxew.h */,
				1AF8018B227E9A3000F5607E /* wglew.h */,
				1AF8018C227E9A3000F5607E /* glew.h */,
			);
			path = GL;
			sourceTree = "<group>";
		};
		1AF8018E227E9A5300F5607E /* Frameworks */ = {
			isa = PBXGroup;
			children = (
				1AF8017C227E9A2B00F5607E /* libGLTools.a */,
				1AF80191227E9A6400F5607E /* GLUT.framework */,
				1AF8018F227E9A5300F5607E /* OpenGL.framework */,
			);
			name = Frameworks;
			sourceTree = "<group>";
		};
/* End PBXGroup section */

/* Begin PBXNativeTarget section */
		1AF80147227E99EC00F5607E /* ZJOpenGLStudy */ = {
			isa = PBXNativeTarget;
			buildConfigurationList = 1AF80172227E99EE00F5607E /* Build configuration list for PBXNativeTarget "ZJOpenGLStudy" */;
			buildPhases = (
				1AF80144227E99EC00F5607E /* Sources */,
				1AF80145227E99EC00F5607E /* Frameworks */,
				1AF80146227E99EC00F5607E /* Resources */,
			);
			buildRules = (
			);
			dependencies = (
			);
			name = ZJOpenGLStudy;
			productName = ZJOpenGLStudy;
			productReference = 1AF80148227E99EC00F5607E /* ZJOpenGLStudy.app */;
			productType = "com.apple.product-type.application";
		};
		1AF8015D227E99EE00F5607E /* ZJOpenGLStudyTests */ = {
			isa = PBXNativeTarget;
			buildConfigurationList = 1AF80175227E99EE00F5607E /* Build configuration list for PBXNativeTarget "ZJOpenGLStudyTests" */;
			buildPhases = (
				1AF8015A227E99EE00F5607E /* Sources */,
				1AF8015B227E99EE00F5607E /* Frameworks */,
				1AF8015C227E99EE00F5607E /* Resources */,
			);
			buildRules = (
			);
			dependencies = (
				1AF80160227E99EE00F5607E /* PBXTargetDependency */,
			);
			name = ZJOpenGLStudyTests;
			productName = ZJOpenGLStudyTests;
			productReference = 1AF8015E227E99EE00F5607E /* ZJOpenGLStudyTests.xctest */;
			productType = "com.apple.product-type.bundle.unit-test";
		};
		1AF80168227E99EE00F5607E /* ZJOpenGLStudyUITests */ = {
			isa = PBXNativeTarget;
			buildConfigurationList = 1AF80178227E99EE00F5607E /* Build configuration list for PBXNativeTarget "ZJOpenGLStudyUITests" */;
			buildPhases = (
				1AF80165227E99EE00F5607E /* Sources */,
				1AF80166227E99EE00F5607E /* Frameworks */,
				1AF80167227E99EE00F5607E /* Resources */,
			);
			buildRules = (
			);
			dependencies = (
				1AF8016B227E99EE00F5607E /* PBXTargetDependency */,
			);
			name = ZJOpenGLStudyUITests;
			productName = ZJOpenGLStudyUITests;
			productReference = 1AF80169227E99EE00F5607E /* ZJOpenGLStudyUITests.xctest */;
			productType = "com.apple.product-type.bundle.ui-testing";
		};
/* End PBXNativeTarget section */

/* Begin PBXProject section */
		1AF80140227E99EC00F5607E /* Project object */ = {
			isa = PBXProject;
			attributes = {
				LastUpgradeCheck = 1010;
				ORGANIZATIONNAME = James;
				TargetAttributes = {
					1AF80147227E99EC00F5607E = {
						CreatedOnToolsVersion = 10.1;
					};
					1AF8015D227E99EE00F5607E = {
						CreatedOnToolsVersion = 10.1;
						TestTargetID = 1AF80147227E99EC00F5607E;
					};
					1AF80168227E99EE00F5607E = {
						CreatedOnToolsVersion = 10.1;
						TestTargetID = 1AF80147227E99EC00F5607E;
					};
				};
			};
			buildConfigurationList = 1AF80143227E99EC00F5607E /* Build configuration list for PBXProject "ZJOpenGLStudy" */;
			compatibilityVersion = "Xcode 9.3";
			developmentRegion = en;
			hasScannedForEncodings = 0;
			knownRegions = (
				en,
				Base,
			);
			mainGroup = 1AF8013F227E99EC00F5607E;
			productRefGroup = 1AF80149227E99EC00F5607E /* Products */;
			projectDirPath = "";
			projectRoot = "";
			targets = (
				1AF80147227E99EC00F5607E /* ZJOpenGLStudy */,
				1AF8015D227E99EE00F5607E /* ZJOpenGLStudyTests */,
				1AF80168227E99EE00F5607E /* ZJOpenGLStudyUITests */,
			);
		};
/* End PBXProject section */

/* Begin PBXResourcesBuildPhase section */
		1AF80146227E99EC00F5607E /* Resources */ = {
			isa = PBXResourcesBuildPhase;
			buildActionMask = 2147483647;
			files = (
				1AF80152227E99EE00F5607E /* Assets.xcassets in Resources */,
				1AF80155227E99EE00F5607E /* Main.storyboard in Resources */,
			);
			runOnlyForDeploymentPostprocessing = 0;
		};
		1AF8015C227E99EE00F5607E /* Resources */ = {
			isa = PBXResourcesBuildPhase;
			buildActionMask = 2147483647;
			files = (
			);
			runOnlyForDeploymentPostprocessing = 0;
		};
		1AF80167227E99EE00F5607E /* Resources */ = {
			isa = PBXResourcesBuildPhase;
			buildActionMask = 2147483647;
			files = (
			);
			runOnlyForDeploymentPostprocessing = 0;
		};
/* End PBXResourcesBuildPhase section */

/* Begin PBXSourcesBuildPhase section */
		1AF80144227E99EC00F5607E /* Sources */ = {
			isa = PBXSourcesBuildPhase;
			buildActionMask = 2147483647;
			files = (
				1AF80197227E9B0500F5607E /* main.cpp in Sources */,
			);
			runOnlyForDeploymentPostprocessing = 0;
		};
		1AF8015A227E99EE00F5607E /* Sources */ = {
			isa = PBXSourcesBuildPhase;
			buildActionMask = 2147483647;
			files = (
				1AF80163227E99EE00F5607E /* ZJOpenGLStudyTests.m in Sources */,
			);
			runOnlyForDeploymentPostprocessing = 0;
		};
		1AF80165227E99EE00F5607E /* Sources */ = {
			isa = PBXSourcesBuildPhase;
			buildActionMask = 2147483647;
			files = (
				1AF8016E227E99EE00F5607E /* ZJOpenGLStudyUITests.m in Sources */,
			);
			runOnlyForDeploymentPostprocessing = 0;
		};
/* End PBXSourcesBuildPhase section */

/* Begin PBXTargetDependency section */
		1AF80160227E99EE00F5607E /* PBXTargetDependency */ = {
			isa = PBXTargetDependency;
			target = 1AF80147227E99EC00F5607E /* ZJOpenGLStudy */;
			targetProxy = 1AF8015F227E99EE00F5607E /* PBXContainerItemProxy */;
		};
		1AF8016B227E99EE00F5607E /* PBXTargetDependency */ = {
			isa = PBXTargetDependency;
			target = 1AF80147227E99EC00F5607E /* ZJOpenGLStudy */;
			targetProxy = 1AF8016A227E99EE00F5607E /* PBXContainerItemProxy */;
		};
/* End PBXTargetDependency section */

/* Begin PBXVariantGroup section */
		1AF80153227E99EE00F5607E /* Main.storyboard */ = {
			isa = PBXVariantGroup;
			children = (
				1AF80154227E99EE00F5607E /* Base */,
			);
			name = Main.storyboard;
			sourceTree = "<group>";
		};
/* End PBXVariantGroup section */

/* Begin XCBuildConfiguration section */
		1AF80170227E99EE00F5607E /* Debug */ = {
			isa = XCBuildConfiguration;
			buildSettings = {
				ALWAYS_SEARCH_USER_PATHS = NO;
				CLANG_ANALYZER_NONNULL = YES;
				CLANG_ANALYZER_NUMBER_OBJECT_CONVERSION = YES_AGGRESSIVE;
				CLANG_CXX_LANGUAGE_STANDARD = "gnu++14";
				CLANG_CXX_LIBRARY = "libc++";
				CLANG_ENABLE_MODULES = YES;
				CLANG_ENABLE_OBJC_ARC = YES;
				CLANG_ENABLE_OBJC_WEAK = YES;
				CLANG_WARN_BLOCK_CAPTURE_AUTORELEASING = YES;
				CLANG_WARN_BOOL_CONVERSION = YES;
				CLANG_WARN_COMMA = YES;
				CLANG_WARN_CONSTANT_CONVERSION = YES;
				CLANG_WARN_DEPRECATED_OBJC_IMPLEMENTATIONS = YES;
				CLANG_WARN_DIRECT_OBJC_ISA_USAGE = YES_ERROR;
				CLANG_WARN_DOCUMENTATION_COMMENTS = YES;
				CLANG_WARN_EMPTY_BODY = YES;
				CLANG_WARN_ENUM_CONVERSION = YES;
				CLANG_WARN_INFINITE_RECURSION = YES;
				CLANG_WARN_INT_CONVERSION = YES;
				CLANG_WARN_NON_LITERAL_NULL_CONVERSION = YES;
				CLANG_WARN_OBJC_IMPLICIT_RETAIN_SELF = YES;
				CLANG_WARN_OBJC_LITERAL_CONVERSION = YES;
				CLANG_WARN_OBJC_ROOT_CLASS = YES_ERROR;
				CLANG_WARN_RANGE_LOOP_ANALYSIS = YES;
				CLANG_WARN_STRICT_PROTOTYPES = YES;
				CLANG_WARN_SUSPICIOUS_MOVE = YES;
				CLANG_WARN_UNGUARDED_AVAILABILITY = YES_AGGRESSIVE;
				CLANG_WARN_UNREACHABLE_CODE = YES;
				CLANG_WARN__DUPLICATE_METHOD_MATCH = YES;
				CODE_SIGN_IDENTITY = "Mac Developer";
				COPY_PHASE_STRIP = NO;
				DEBUG_INFORMATION_FORMAT = dwarf;
				ENABLE_STRICT_OBJC_MSGSEND = YES;
				ENABLE_TESTABILITY = YES;
				GCC_C_LANGUAGE_STANDARD = gnu11;
				GCC_DYNAMIC_NO_PIC = NO;
				GCC_NO_COMMON_BLOCKS = YES;
				GCC_OPTIMIZATION_LEVEL = 0;
				GCC_PREPROCESSOR_DEFINITIONS = (
					"DEBUG=1",
					"$(inherited)",
				);
				GCC_WARN_64_TO_32_BIT_CONVERSION = YES;
				GCC_WARN_ABOUT_RETURN_TYPE = YES_ERROR;
				GCC_WARN_UNDECLARED_SELECTOR = YES;
				GCC_WARN_UNINITIALIZED_AUTOS = YES_AGGRESSIVE;
				GCC_WARN_UNUSED_FUNCTION = YES;
				GCC_WARN_UNUSED_VARIABLE = YES;
				MACOSX_DEPLOYMENT_TARGET = 10.14;
				MTL_ENABLE_DEBUG_INFO = INCLUDE_SOURCE;
				MTL_FAST_MATH = YES;
				ONLY_ACTIVE_ARCH = YES;
				SDKROOT = macosx;
			};
			name = Debug;
		};
		1AF80171227E99EE00F5607E /* Release */ = {
			isa = XCBuildConfiguration;
			buildSettings = {
				ALWAYS_SEARCH_USER_PATHS = NO;
				CLANG_ANALYZER_NONNULL = YES;
				CLANG_ANALYZER_NUMBER_OBJECT_CONVERSION = YES_AGGRESSIVE;
				CLANG_CXX_LANGUAGE_STANDARD = "gnu++14";
				CLANG_CXX_LIBRARY = "libc++";
				CLANG_ENABLE_MODULES = YES;
				CLANG_ENABLE_OBJC_ARC = YES;
				CLANG_ENABLE_OBJC_WEAK = YES;
				CLANG_WARN_BLOCK_CAPTURE_AUTORELEASING = YES;
				CLANG_WARN_BOOL_CONVERSION = YES;
				CLANG_WARN_COMMA = YES;
				CLANG_WARN_CONSTANT_CONVERSION = YES;
				CLANG_WARN_DEPRECATED_OBJC_IMPLEMENTATIONS = YES;
				CLANG_WARN_DIRECT_OBJC_ISA_USAGE = YES_ERROR;
				CLANG_WARN_DOCUMENTATION_COMMENTS = YES;
				CLANG_WARN_EMPTY_BODY = YES;
				CLANG_WARN_ENUM_CONVERSION = YES;
				CLANG_WARN_INFINITE_RECURSION = YES;
				CLANG_WARN_INT_CONVERSION = YES;
				CLANG_WARN_NON_LITERAL_NULL_CONVERSION = YES;
				CLANG_WARN_OBJC_IMPLICIT_RETAIN_SELF = YES;
				CLANG_WARN_OBJC_LITERAL_CONVERSION = YES;
				CLANG_WARN_OBJC_ROOT_CLASS = YES_ERROR;
				CLANG_WARN_RANGE_LOOP_ANALYSIS = YES;
				CLANG_WARN_STRICT_PROTOTYPES = YES;
				CLANG_WARN_SUSPICIOUS_MOVE = YES;
				CLANG_WARN_UNGUARDED_AVAILABILITY = YES_AGGRESSIVE;
				CLANG_WARN_UNREACHABLE_CODE = YES;
				CLANG_WARN__DUPLICATE_METHOD_MATCH = YES;
				CODE_SIGN_IDENTITY = "Mac Developer";
				COPY_PHASE_STRIP = NO;
				DEBUG_INFORMATION_FORMAT = "dwarf-with-dsym";
				ENABLE_NS_ASSERTIONS = NO;
				ENABLE_STRICT_OBJC_MSGSEND = YES;
				GCC_C_LANGUAGE_STANDARD = gnu11;
				GCC_NO_COMMON_BLOCKS = YES;
				GCC_WARN_64_TO_32_BIT_CONVERSION = YES;
				GCC_WARN_ABOUT_RETURN_TYPE = YES_ERROR;
				GCC_WARN_UNDECLARED_SELECTOR = YES;
				GCC_WARN_UNINITIALIZED_AUTOS = YES_AGGRESSIVE;
				GCC_WARN_UNUSED_FUNCTION = YES;
				GCC_WARN_UNUSED_VARIABLE = YES;
				MACOSX_DEPLOYMENT_TARGET = 10.14;
				MTL_ENABLE_DEBUG_INFO = NO;
				MTL_FAST_MATH = YES;
				SDKROOT = macosx;
			};
			name = Release;
		};
		1AF80173227E99EE00F5607E /* Debug */ = {
			isa = XCBuildConfiguration;
			buildSettings = {
				ASSETCATALOG_COMPILER_APPICON_NAME = AppIcon;
				CODE_SIGN_ENTITLEMENTS = ZJOpenGLStudy/ZJOpenGLStudy.entitlements;
				CODE_SIGN_STYLE = Automatic;
				COMBINE_HIDPI_IMAGES = YES;
				DEVELOPMENT_TEAM = R65337KS8W;
				HEADER_SEARCH_PATHS = "\"$(SRCROOT)/ZJOpenGLStudy/Lib/include\"";
				INFOPLIST_FILE = ZJOpenGLStudy/Info.plist;
				LD_RUNPATH_SEARCH_PATHS = (
					"$(inherited)",
					"@executable_path/../Frameworks",
				);
				LIBRARY_SEARCH_PATHS = (
					"$(inherited)",
					"$(PROJECT_DIR)/ZJOpenGLStudy/Lib",
					"$(PROJECT_DIR)",
				);
				PRODUCT_BUNDLE_IDENTIFIER = coder.james.ZJOpenGLStudy;
				PRODUCT_NAME = "$(TARGET_NAME)";
			};
			name = Debug;
		};
		1AF80174227E99EE00F5607E /* Release */ = {
			isa = XCBuildConfiguration;
			buildSettings = {
				ASSETCATALOG_COMPILER_APPICON_NAME = AppIcon;
				CODE_SIGN_ENTITLEMENTS = ZJOpenGLStudy/ZJOpenGLStudy.entitlements;
				CODE_SIGN_STYLE = Automatic;
				COMBINE_HIDPI_IMAGES = YES;
				DEVELOPMENT_TEAM = R65337KS8W;
				HEADER_SEARCH_PATHS = "\"$(SRCROOT)/ZJOpenGLStudy/Lib/include\"";
				INFOPLIST_FILE = ZJOpenGLStudy/Info.plist;
				LD_RUNPATH_SEARCH_PATHS = (
					"$(inherited)",
					"@executable_path/../Frameworks",
				);
				LIBRARY_SEARCH_PATHS = (
					"$(inherited)",
					"$(PROJECT_DIR)/ZJOpenGLStudy/Lib",
					"$(PROJECT_DIR)",
				);
				PRODUCT_BUNDLE_IDENTIFIER = coder.james.ZJOpenGLStudy;
				PRODUCT_NAME = "$(TARGET_NAME)";
			};
			name = Release;
		};
		1AF80176227E99EE00F5607E /* Debug */ = {
			isa = XCBuildConfiguration;
			buildSettings = {
				BUNDLE_LOADER = "$(TEST_HOST)";
				CODE_SIGN_STYLE = Automatic;
				COMBINE_HIDPI_IMAGES = YES;
				DEVELOPMENT_TEAM = R65337KS8W;
				INFOPLIST_FILE = ZJOpenGLStudyTests/Info.plist;
				LD_RUNPATH_SEARCH_PATHS = (
					"$(inherited)",
					"@executable_path/../Frameworks",
					"@loader_path/../Frameworks",
				);
				PRODUCT_BUNDLE_IDENTIFIER = coder.james.ZJOpenGLStudyTests;
				PRODUCT_NAME = "$(TARGET_NAME)";
				TEST_HOST = "$(BUILT_PRODUCTS_DIR)/ZJOpenGLStudy.app/Contents/MacOS/ZJOpenGLStudy";
			};
			name = Debug;
		};
		1AF80177227E99EE00F5607E /* Release */ = {
			isa = XCBuildConfiguration;
			buildSettings = {
				BUNDLE_LOADER = "$(TEST_HOST)";
				CODE_SIGN_STYLE = Automatic;
				COMBINE_HIDPI_IMAGES = YES;
				DEVELOPMENT_TEAM = R65337KS8W;
				INFOPLIST_FILE = ZJOpenGLStudyTests/Info.plist;
				LD_RUNPATH_SEARCH_PATHS = (
					"$(inherited)",
					"@executable_path/../Frameworks",
					"@loader_path/../Frameworks",
				);
				PRODUCT_BUNDLE_IDENTIFIER = coder.james.ZJOpenGLStudyTests;
				PRODUCT_NAME = "$(TARGET_NAME)";
				TEST_HOST = "$(BUILT_PRODUCTS_DIR)/ZJOpenGLStudy.app/Contents/MacOS/ZJOpenGLStudy";
			};
			name = Release;
		};
		1AF80179227E99EE00F5607E /* Debug */ = {
			isa = XCBuildConfiguration;
			buildSettings = {
				CODE_SIGN_STYLE = Automatic;
				COMBINE_HIDPI_IMAGES = YES;
				DEVELOPMENT_TEAM = R65337KS8W;
				INFOPLIST_FILE = ZJOpenGLStudyUITests/Info.plist;
				LD_RUNPATH_SEARCH_PATHS = (
					"$(inherited)",
					"@executable_path/../Frameworks",
					"@loader_path/../Frameworks",
				);
				PRODUCT_BUNDLE_IDENTIFIER = coder.james.ZJOpenGLStudyUITests;
				PRODUCT_NAME = "$(TARGET_NAME)";
				TEST_TARGET_NAME = ZJOpenGLStudy;
			};
			name = Debug;
		};
		1AF8017A227E99EE00F5607E /* Release */ = {
			isa = XCBuildConfiguration;
			buildSettings = {
				CODE_SIGN_STYLE = Automatic;
				COMBINE_HIDPI_IMAGES = YES;
				DEVELOPMENT_TEAM = R65337KS8W;
				INFOPLIST_FILE = ZJOpenGLStudyUITests/Info.plist;
				LD_RUNPATH_SEARCH_PATHS = (
					"$(inherited)",
					"@executable_path/../Frameworks",
					"@loader_path/../Frameworks",
				);
				PRODUCT_BUNDLE_IDENTIFIER = coder.james.ZJOpenGLStudyUITests;
				PRODUCT_NAME = "$(TARGET_NAME)";
				TEST_TARGET_NAME = ZJOpenGLStudy;
			};
			name = Release;
		};
/* End XCBuildConfiguration section */

/* Begin XCConfigurationList section */
		1AF80143227E99EC00F5607E /* Build configuration list for PBXProject "ZJOpenGLStudy" */ = {
			isa = XCConfigurationList;
			buildConfigurations = (
				1AF80170227E99EE00F5607E /* Debug */,
				1AF80171227E99EE00F5607E /* Release */,
			);
			defaultConfigurationIsVisible = 0;
			defaultConfigurationName = Release;
		};
		1AF80172227E99EE00F5607E /* Build configuration list for PBXNativeTarget "ZJOpenGLStudy" */ = {
			isa = XCConfigurationList;
			buildConfigurations = (
				1AF80173227E99EE00F5607E /* Debug */,
				1AF80174227E99EE00F5607E /* Release */,
			);
			defaultConfigurationIsVisible = 0;
			defaultConfigurationName = Release;
		};
		1AF80175227E99EE00F5607E /* Build configuration list for PBXNativeTarget "ZJOpenGLStudyTests" */ = {
			isa = XCConfigurationList;
			buildConfigurations = (
				1AF80176227E99EE00F5607E /* Debug */,
				1AF80177227E99EE00F5607E /* Release */,
			);
			defaultConfigurationIsVisible = 0;
			defaultConfigurationName = Release;
		};
		1AF80178227E99EE00F5607E /* Build configuration list for PBXNativeTarget "ZJOpenGLStudyUITests" */ = {
			isa = XCConfigurationList;
			buildConfigurations = (
				1AF80179227E99EE00F5607E /* Debug */,
				1AF8017A227E99EE00F5607E /* Release */,
			);
			defaultConfigurationIsVisible = 0;
			defaultConfigurationName = Release;
		};
/* End XCConfigurationList section */
	};
	rootObject = 1AF80140227E99EC00F5607E /* Project object */;
}
